
Microsoft Visual Studio Solution File, Format Version 12.00
# Visual Studio Version 17
VisualStudioVersion = 17.9.34728.123
MinimumVisualStudioVersion = 10.0.40219.1
Project("{2150E333-8FDC-42A3-9474-1A3956D46DE8}") = "Solution Items", "Solution Items", "{FB97B10F-1644-4E02-B18D-888AD2BCF0A9}"
	ProjectSection(SolutionItems) = preProject
		..\.gitignore = ..\.gitignore
		..\DEVELOPMENT.md = ..\DEVELOPMENT.md
		Directory.Build.props = Directory.Build.props
		..\README.md = ..\README.md
	EndProjectSection
EndProject
Project("{9A19103F-16F7-4668-BE54-9A1E7A4F7556}") = "PersonalRecord.App", "PersonalRecord.App\PersonalRecord.App.csproj", "{CC1472DE-07B3-4335-B2D1-3F15E2CE4BA8}"
EndProject
Project("{9A19103F-16F7-4668-BE54-9A1E7A4F7556}") = "PersonalRecord.Domain", "PersonalRecord.Domain\PersonalRecord.Domain.csproj", "{6C18643D-E3EF-4FB1-A839-22A1A700A5CB}"
EndProject
Project("{9A19103F-16F7-4668-BE54-9A1E7A4F7556}") = "PersonalRecord.Infrastructure", "PersonalRecord.Infrastructure\PersonalRecord.Infrastructure.csproj", "{96557DCD-4575-4658-8731-E9FA044B34B3}"
EndProject
Global
	GlobalSection(SolutionConfigurationPlatforms) = preSolution
		Debug|Any CPU = Debug|Any CPU
		Release|Any CPU = Release|Any CPU
	EndGlobalSection
	GlobalSection(ProjectConfigurationPlatforms) = postSolution
		{CC1472DE-07B3-4335-B2D1-3F15E2CE4BA8}.Debug|Any CPU.ActiveCfg = Debug|Any CPU
		{CC1472DE-07B3-4335-B2D1-3F15E2CE4BA8}.Debug|Any CPU.Build.0 = Debug|Any CPU
		{CC1472DE-07B3-4335-B2D1-3F15E2CE4BA8}.Debug|Any CPU.Deploy.0 = Debug|Any CPU
		{CC1472DE-07B3-4335-B2D1-3F15E2CE4BA8}.Release|Any CPU.ActiveCfg = Release|Any CPU
		{CC1472DE-07B3-4335-B2D1-3F15E2CE4BA8}.Release|Any CPU.Build.0 = Release|Any CPU
		{CC1472DE-07B3-4335-B2D1-3F15E2CE4BA8}.Release|Any CPU.Deploy.0 = Release|Any CPU
		{6C18643D-E3EF-4FB1-A839-22A1A700A5CB}.Debug|Any CPU.ActiveCfg = Debug|Any CPU
		{6C18643D-E3EF-4FB1-A839-22A1A700A5CB}.Debug|Any CPU.Build.0 = Debug|Any CPU
		{6C18643D-E3EF-4FB1-A839-22A1A700A5CB}.Release|Any CPU.ActiveCfg = Release|Any CPU
		{6C18643D-E3EF-4FB1-A839-22A1A700A5CB}.Release|Any CPU.Build.0 = Release|Any CPU
		{96557DCD-4575-4658-8731-E9FA044B34B3}.Debug|Any CPU.ActiveCfg = Debug|Any CPU
		{96557DCD-4575-4658-8731-E9FA044B34B3}.Debug|Any CPU.Build.0 = Debug|Any CPU
		{96557DCD-4575-4658-8731-E9FA044B34B3}.Release|Any CPU.ActiveCfg = Release|Any CPU
		{96557DCD-4575-4658-8731-E9FA044B34B3}.Release|Any CPU.Build.0 = Release|Any CPU
	EndGlobalSection
	GlobalSection(SolutionProperties) = preSolution
		HideSolutionNode = FALSE
	EndGlobalSection
	GlobalSection(ExtensibilityGlobals) = postSolution
		SolutionGuid = {2EDBDDCD-73E5-4053-94EC-D256E22261C0}
	EndGlobalSection
EndGlobal
